
Microsoft Visual Studio Solution File, Format Version 12.00
# Visual Studio 2013
VisualStudioVersion = 12.0.31101.0
MinimumVisualStudioVersion = 10.0.40219.1
Project("{FAE04EC0-301F-11D3-BF4B-00C04F79EFBC}") = "Selkie.Services.Aco", "Selkie.Services.Aco\Selkie.Services.Aco.csproj", "{C5F70C82-FF92-4D63-B8F3-D9F8BA1BF624}"
EndProject
Project("{FAE04EC0-301F-11D3-BF4B-00C04F79EFBC}") = "Selkie.Services.Aco.Console", "Selkie.Services.Aco.Console\Selkie.Services.Aco.Console.csproj", "{78F1CEA7-2C8B-4532-A323-8526B538999A}"
EndProject
Project("{FAE04EC0-301F-11D3-BF4B-00C04F79EFBC}") = "Selkie.Services.Aco.Tests", "Selkie.Services.Aco.Tests\Selkie.Services.Aco.Tests.csproj", "{85A6AD0F-9937-4027-850C-B3EBB6190457}"
EndProject
Project("{FAE04EC0-301F-11D3-BF4B-00C04F79EFBC}") = "Selkie.Services.Aco.Specflow", "Selkie.Services.Aco.Specflow\Selkie.Services.Aco.Specflow.csproj", "{F5C2E97D-BFC8-4057-B3A2-BAA4136BA38F}"
EndProject
Project("{FAE04EC0-301F-11D3-BF4B-00C04F79EFBC}") = "Selkie.Services.Aco.Console.Client", "Selkie.Services.Aco.Console.Client\Selkie.Services.Aco.Console.Client.csproj", "{8F08097C-6F14-4071-8D65-ABB8FAE03CB3}"
EndProject
Project("{FAE04EC0-301F-11D3-BF4B-00C04F79EFBC}") = "NuGet.Selkie.Services.Aco", "NuGet.Selkie.Services.Aco\NuGet.Selkie.Services.Aco.csproj", "{0451BAEF-DF2E-4B98-8644-94EE9415E389}"
EndProject
Global
	GlobalSection(SolutionConfigurationPlatforms) = preSolution
		Debug|Any CPU = Debug|Any CPU
		Release|Any CPU = Release|Any CPU
	EndGlobalSection
	GlobalSection(ProjectConfigurationPlatforms) = postSolution
		{C5F70C82-FF92-4D63-B8F3-D9F8BA1BF624}.Debug|Any CPU.ActiveCfg = Debug|Any CPU
		{C5F70C82-FF92-4D63-B8F3-D9F8BA1BF624}.Debug|Any CPU.Build.0 = Debug|Any CPU
		{C5F70C82-FF92-4D63-B8F3-D9F8BA1BF624}.Release|Any CPU.ActiveCfg = Release|Any CPU
		{C5F70C82-FF92-4D63-B8F3-D9F8BA1BF624}.Release|Any CPU.Build.0 = Release|Any CPU
		{78F1CEA7-2C8B-4532-A323-8526B538999A}.Debug|Any CPU.ActiveCfg = Debug|Any CPU
		{78F1CEA7-2C8B-4532-A323-8526B538999A}.Debug|Any CPU.Build.0 = Debug|Any CPU
		{78F1CEA7-2C8B-4532-A323-8526B538999A}.Release|Any CPU.ActiveCfg = Release|Any CPU
		{78F1CEA7-2C8B-4532-A323-8526B538999A}.Release|Any CPU.Build.0 = Release|Any CPU
		{85A6AD0F-9937-4027-850C-B3EBB6190457}.Debug|Any CPU.ActiveCfg = Debug|Any CPU
		{85A6AD0F-9937-4027-850C-B3EBB6190457}.Debug|Any CPU.Build.0 = Debug|Any CPU
		{85A6AD0F-9937-4027-850C-B3EBB6190457}.Release|Any CPU.ActiveCfg = Release|Any CPU
		{85A6AD0F-9937-4027-850C-B3EBB6190457}.Release|Any CPU.Build.0 = Release|Any CPU
		{F5C2E97D-BFC8-4057-B3A2-BAA4136BA38F}.Debug|Any CPU.ActiveCfg = Debug|Any CPU
		{F5C2E97D-BFC8-4057-B3A2-BAA4136BA38F}.Debug|Any CPU.Build.0 = Debug|Any CPU
		{F5C2E97D-BFC8-4057-B3A2-BAA4136BA38F}.Release|Any CPU.ActiveCfg = Release|Any CPU
		{F5C2E97D-BFC8-4057-B3A2-BAA4136BA38F}.Release|Any CPU.Build.0 = Release|Any CPU
		{8F08097C-6F14-4071-8D65-ABB8FAE03CB3}.Debug|Any CPU.ActiveCfg = Debug|Any CPU
		{8F08097C-6F14-4071-8D65-ABB8FAE03CB3}.Debug|Any CPU.Build.0 = Debug|Any CPU
		{8F08097C-6F14-4071-8D65-ABB8FAE03CB3}.Release|Any CPU.ActiveCfg = Release|Any CPU
		{8F08097C-6F14-4071-8D65-ABB8FAE03CB3}.Release|Any CPU.Build.0 = Release|Any CPU
		{0451BAEF-DF2E-4B98-8644-94EE9415E389}.Debug|Any CPU.ActiveCfg = Debug|Any CPU
		{0451BAEF-DF2E-4B98-8644-94EE9415E389}.Debug|Any CPU.Build.0 = Debug|Any CPU
		{0451BAEF-DF2E-4B98-8644-94EE9415E389}.Release|Any CPU.ActiveCfg = Release|Any CPU
		{0451BAEF-DF2E-4B98-8644-94EE9415E389}.Release|Any CPU.Build.0 = Release|Any CPU
	EndGlobalSection
	GlobalSection(SolutionProperties) = preSolution
		HideSolutionNode = FALSE
	EndGlobalSection
EndGlobal
